PODS:
  - FBSnapshotTestCase (2.1.4):
    - FBSnapshotTestCase/SwiftSupport (= 2.1.4)
  - FBSnapshotTestCase/Core (2.1.4)
  - FBSnapshotTestCase/SwiftSupport (2.1.4):
    - FBSnapshotTestCase/Core
  - ZHNetworking (0.1.0)

DEPENDENCIES:
  - FBSnapshotTestCase
  - ZHNetworking (from `../`)

SPEC REPOS:
  trunk:
    - FBSnapshotTestCase

EXTERNAL SOURCES:
  ZHNetworking:
    :path: "../"

SPEC CHECKSUMS:
  FBSnapshotTestCase: 094f9f314decbabe373b87cc339bea235a63e07a
  ZHNetworking: 80f7f98b131bdad7c75001e0809d39efa3569ab3

PODFILE CHECKSUM: 4c9dd2256d7a45376d1f2b523cc0600a18969754

COCOAPODS: 1.10.0
